
Microsoft Visual Studio Solution File, Format Version 12.00
# Visual Studio Version 17
VisualStudioVersion = 17.0.32126.317
MinimumVisualStudioVersion = 10.0.40219.1
Project("{FAE04EC0-301F-11D3-BF4B-00C04F79EFBC}") = "EssayChecker.API", "EssayChecker.API\EssayChecker.API.csproj", "{CC25D24E-5B00-4B8B-BD5B-16197A26DD99}"
EndProject
Project("{FAE04EC0-301F-11D3-BF4B-00C04F79EFBC}") = "EssayChecker.API.Unit.Tests", "EssayChecker.API.Unit.Tests\EssayChecker.API.Unit.Tests.csproj", "{1831448B-7D79-4916-B59A-20E04DC18FD2}"
EndProject
Global
	GlobalSection(SolutionConfigurationPlatforms) = preSolution
		Debug|Any CPU = Debug|Any CPU
		Release|Any CPU = Release|Any CPU
	EndGlobalSection
	GlobalSection(ProjectConfigurationPlatforms) = postSolution
		{CC25D24E-5B00-4B8B-BD5B-16197A26DD99}.Debug|Any CPU.ActiveCfg = Debug|Any CPU
		{CC25D24E-5B00-4B8B-BD5B-16197A26DD99}.Debug|Any CPU.Build.0 = Debug|Any CPU
		{CC25D24E-5B00-4B8B-BD5B-16197A26DD99}.Release|Any CPU.ActiveCfg = Release|Any CPU
		{CC25D24E-5B00-4B8B-BD5B-16197A26DD99}.Release|Any CPU.Build.0 = Release|Any CPU
		{1831448B-7D79-4916-B59A-20E04DC18FD2}.Debug|Any CPU.ActiveCfg = Debug|Any CPU
		{1831448B-7D79-4916-B59A-20E04DC18FD2}.Debug|Any CPU.Build.0 = Debug|Any CPU
		{1831448B-7D79-4916-B59A-20E04DC18FD2}.Release|Any CPU.ActiveCfg = Release|Any CPU
		{1831448B-7D79-4916-B59A-20E04DC18FD2}.Release|Any CPU.Build.0 = Release|Any CPU
	EndGlobalSection
	GlobalSection(SolutionProperties) = preSolution
		HideSolutionNode = FALSE
	EndGlobalSection
	GlobalSection(ExtensibilityGlobals) = postSolution
		SolutionGuid = {1748B5C6-8488-4043-A78E-BC25643C886B}
	EndGlobalSection
EndGlobal
